
Microsoft Visual Studio Solution File, Format Version 12.00
# Visual Studio Version 16
VisualStudioVersion = 16.0.30907.101
MinimumVisualStudioVersion = 10.0.40219.1
Project("{FAE04EC0-301F-11D3-BF4B-00C04F79EFBC}") = "DiplomaWebUI", "DiplomaWebUI\DiplomaWebUI.csproj", "{7D15C73F-D304-49FB-9FBE-B11219758E51}"
EndProject
Project("{FAE04EC0-301F-11D3-BF4B-00C04F79EFBC}") = "Diploma.Data", "Diploma.Data\Diploma.Data.csproj", "{99DCC035-9FBD-46A7-A39E-534A95F7DAF7}"
EndProject
Project("{FAE04EC0-301F-11D3-BF4B-00C04F79EFBC}") = "Diploma.Services", "Diploma.Services\Diploma.Services.csproj", "{15401608-2429-455D-ABCD-40F20632B6E5}"
EndProject
Global
	GlobalSection(SolutionConfigurationPlatforms) = preSolution
		Debug|Any CPU = Debug|Any CPU
		Release|Any CPU = Release|Any CPU
	EndGlobalSection
	GlobalSection(ProjectConfigurationPlatforms) = postSolution
		{7D15C73F-D304-49FB-9FBE-B11219758E51}.Debug|Any CPU.ActiveCfg = Debug|Any CPU
		{7D15C73F-D304-49FB-9FBE-B11219758E51}.Debug|Any CPU.Build.0 = Debug|Any CPU
		{7D15C73F-D304-49FB-9FBE-B11219758E51}.Release|Any CPU.ActiveCfg = Release|Any CPU
		{7D15C73F-D304-49FB-9FBE-B11219758E51}.Release|Any CPU.Build.0 = Release|Any CPU
		{99DCC035-9FBD-46A7-A39E-534A95F7DAF7}.Debug|Any CPU.ActiveCfg = Debug|Any CPU
		{99DCC035-9FBD-46A7-A39E-534A95F7DAF7}.Debug|Any CPU.Build.0 = Debug|Any CPU
		{99DCC035-9FBD-46A7-A39E-534A95F7DAF7}.Release|Any CPU.ActiveCfg = Release|Any CPU
		{99DCC035-9FBD-46A7-A39E-534A95F7DAF7}.Release|Any CPU.Build.0 = Release|Any CPU
		{15401608-2429-455D-ABCD-40F20632B6E5}.Debug|Any CPU.ActiveCfg = Debug|Any CPU
		{15401608-2429-455D-ABCD-40F20632B6E5}.Debug|Any CPU.Build.0 = Debug|Any CPU
		{15401608-2429-455D-ABCD-40F20632B6E5}.Release|Any CPU.ActiveCfg = Release|Any CPU
		{15401608-2429-455D-ABCD-40F20632B6E5}.Release|Any CPU.Build.0 = Release|Any CPU
	EndGlobalSection
	GlobalSection(SolutionProperties) = preSolution
		HideSolutionNode = FALSE
	EndGlobalSection
	GlobalSection(ExtensibilityGlobals) = postSolution
		SolutionGuid = {51A0C526-B73A-447A-B974-B9ED6AFD05EC}
	EndGlobalSection
EndGlobal
